{
  "name": "mlh-portal",
  "version": "1.0.0",
  "lockfileVersion": 2,
  "requires": true,
  "packages": {
    "": {
      "name": "mlh-portal",
      "version": "1.0.0",
      "license": "ISC",
      "dependencies": {
        "@fontsource/inter": "^4.5.14",
        "bootstrap": "^5.2.3"
      }
    },
    "node_modules/@fontsource/inter": {
      "version": "4.5.14",
      "resolved": "https://registry.npmjs.org/@fontsource/inter/-/inter-4.5.14.tgz",
      "integrity": "sha512-JDC9AocdPLuGsASkvWw9hS5gtHE7K9dOwL98XLrk5yjYqxy4uVnScG58NUvFMJDVJRl/7c8Wnap6PEs+7Zvj1Q=="
    },
    "node_modules/@popperjs/core": {
      "version": "2.11.6",
      "resolved": "https://registry.npmjs.org/@popperjs/core/-/core-2.11.6.tgz",
      "integrity": "sha512-50/17A98tWUfQ176raKiOGXuYpLyyVMkxxG6oylzL3BPOlA6ADGdK7EYunSa4I064xerltq9TGXs8HmOk5E+vw==",
      "peer": true,
      "funding": {
        "type": "opencollective",
        "url": "https://opencollective.com/popperjs"
      }
    },
    "node_modules/bootstrap": {
      "version": "5.2.3",
      "resolved": "https://registry.npmjs.org/bootstrap/-/bootstrap-5.2.3.tgz",
      "integrity": "sha512-cEKPM+fwb3cT8NzQZYEu4HilJ3anCrWqh3CHAok1p9jXqMPsPTBhU25fBckEJHJ/p+tTxTFTsFQGM+gaHpi3QQ==",
      "funding": [
        {
          "type": "github",
          "url": "https://github.com/sponsors/twbs"
        },
        {
          "type": "opencollective",
          "url": "https://opencollective.com/bootstrap"
        }
      ],
      "peerDependencies": {
        "@popperjs/core": "^2.11.6"
      }
    }
  },
  "dependencies": {
    "@fontsource/inter": {
      "version": "4.5.14",
      "resolved": "https://registry.npmjs.org/@fontsource/inter/-/inter-4.5.14.tgz",
      "integrity": "sha512-JDC9AocdPLuGsASkvWw9hS5gtHE7K9dOwL98XLrk5yjYqxy4uVnScG58NUvFMJDVJRl/7c8Wnap6PEs+7Zvj1Q=="
    },
    "@popperjs/core": {
      "version": "2.11.6",
      "resolved": "https://registry.npmjs.org/@popperjs/core/-/core-2.11.6.tgz",
      "integrity": "sha512-50/17A98tWUfQ176raKiOGXuYpLyyVMkxxG6oylzL3BPOlA6ADGdK7EYunSa4I064xerltq9TGXs8HmOk5E+vw==",
      "peer": true
    },
    "bootstrap": {
      "version": "5.2.3",
      "resolved": "https://registry.npmjs.org/bootstrap/-/bootstrap-5.2.3.tgz",
      "integrity": "sha512-cEKPM+fwb3cT8NzQZYEu4HilJ3anCrWqh3CHAok1p9jXqMPsPTBhU25fBckEJHJ/p+tTxTFTsFQGM+gaHpi3QQ==",
      "requires": {}
    }
  }
}
